
Microsoft Visual Studio Solution File, Format Version 12.00
# Visual Studio Version 17
VisualStudioVersion = 17.2.32630.192
MinimumVisualStudioVersion = 10.0.40219.1
Project("{9A19103F-16F7-4668-BE54-9A1E7A4F7556}") = "R5T.O0004", "R5T.O0004\R5T.O0004.csproj", "{03296F77-FF7F-4B75-A597-0300C8F16BBD}"
EndProject
Project("{2150E333-8FDC-42A3-9474-1A3956D46DE8}") = "_Dependencies", "_Dependencies", "{D204D207-3687-40A4-B35F-E61B14DB3BAB}"
EndProject
Project("{9A19103F-16F7-4668-BE54-9A1E7A4F7556}") = "R5T.F0000", "..\..\R5T.F0000\source\R5T.F0000\R5T.F0000.csproj", "{A6152D82-200E-4016-BF2B-1776393DF052}"
EndProject
Project("{9A19103F-16F7-4668-BE54-9A1E7A4F7556}") = "R5T.F0002", "..\..\R5T.F0002\source\R5T.F0002\R5T.F0002.csproj", "{E34677F9-6559-4F03-8375-57C5A5064ECF}"
EndProject
Project("{9A19103F-16F7-4668-BE54-9A1E7A4F7556}") = "R5T.F0120", "..\..\R5T.F0120\source\R5T.F0120\R5T.F0120.csproj", "{E1D85077-0A6E-4329-B585-0A96D1B717C4}"
EndProject
Project("{9A19103F-16F7-4668-BE54-9A1E7A4F7556}") = "R5T.F0124", "..\..\R5T.F0124\source\R5T.F0124\R5T.F0124.csproj", "{AE0A6E51-9261-4530-B852-AEF12CB29CE1}"
EndProject
Project("{9A19103F-16F7-4668-BE54-9A1E7A4F7556}") = "R5T.F0125", "..\..\R5T.F0125\source\R5T.F0125\R5T.F0125.csproj", "{134C0108-691B-4185-BED9-D1D54448F9BF}"
EndProject
Project("{9A19103F-16F7-4668-BE54-9A1E7A4F7556}") = "R5T.F0131", "..\..\R5T.F0131\source\R5T.F0131\R5T.F0131.csproj", "{4B1DA031-6E46-4639-9324-D09D3203318F}"
EndProject
Project("{9A19103F-16F7-4668-BE54-9A1E7A4F7556}") = "R5T.L0030.T000", "..\..\R5T.L0030\source\R5T.L0030.T000\R5T.L0030.T000.csproj", "{B5B00EF8-E8E7-4DF1-8780-491B934BDDF6}"
EndProject
Project("{9A19103F-16F7-4668-BE54-9A1E7A4F7556}") = "R5T.L0030", "..\..\R5T.L0030\source\R5T.L0030\R5T.L0030.csproj", "{FAAA00F4-5CC6-4D22-8632-274E6EB5947A}"
EndProject
Project("{9A19103F-16F7-4668-BE54-9A1E7A4F7556}") = "R5T.L0034", "..\..\R5T.L0034\source\R5T.L0034\R5T.L0034.csproj", "{9EA08A7E-0DB2-4B0F-917C-71216A4F49BC}"
EndProject
Project("{9A19103F-16F7-4668-BE54-9A1E7A4F7556}") = "R5T.L0035", "..\..\R5T.L0035\source\R5T.L0035\R5T.L0035.csproj", "{25C90442-78D4-4790-AAF2-4788E189BF10}"
EndProject
Project("{9A19103F-16F7-4668-BE54-9A1E7A4F7556}") = "R5T.T0131", "..\..\R5T.T0131\source\R5T.T0131\R5T.T0131.csproj", "{9E17C5E9-AD4A-417E-AB7A-8664A19B1080}"
EndProject
Project("{9A19103F-16F7-4668-BE54-9A1E7A4F7556}") = "R5T.T0132", "..\..\R5T.T0132\source\R5T.T0132\R5T.T0132.csproj", "{4C180800-CCC1-44E0-9D51-166A56417125}"
EndProject
Project("{9A19103F-16F7-4668-BE54-9A1E7A4F7556}") = "R5T.T0142", "..\..\R5T.T0142\source\R5T.T0142\R5T.T0142.csproj", "{D38FB08C-E3A0-48AE-B915-537A17B816FA}"
EndProject
Project("{9A19103F-16F7-4668-BE54-9A1E7A4F7556}") = "R5T.T0143", "..\..\R5T.T0143\source\R5T.T0143\R5T.T0143.csproj", "{A61B8445-B5BA-4A17-9E57-D7F8336AD813}"
EndProject
Project("{9A19103F-16F7-4668-BE54-9A1E7A4F7556}") = "R5T.T0150", "..\..\R5T.T0150\source\R5T.T0150\R5T.T0150.csproj", "{D4829531-6123-4886-9061-8678F5B48229}"
EndProject
Project("{9A19103F-16F7-4668-BE54-9A1E7A4F7556}") = "R5T.T0151", "..\..\R5T.T0151\source\R5T.T0151\R5T.T0151.csproj", "{E30FA1F1-1DC7-48AA-88BB-36F71B70D152}"
EndProject
Project("{9A19103F-16F7-4668-BE54-9A1E7A4F7556}") = "R5T.T0156", "..\..\R5T.T0156\source\R5T.T0156\R5T.T0156.csproj", "{E2996FFF-560C-4BEC-8034-AA49E0488877}"
EndProject
Project("{9A19103F-16F7-4668-BE54-9A1E7A4F7556}") = "R5T.T0161", "..\..\R5T.T0161\source\R5T.T0161\R5T.T0161.csproj", "{71F17DDD-208F-4E16-BC80-98ADC40FC536}"
EndProject
Project("{9A19103F-16F7-4668-BE54-9A1E7A4F7556}") = "R5T.T0172", "..\..\R5T.T0172\source\R5T.T0172\R5T.T0172.csproj", "{BECEA58F-3C42-4127-BBF4-3FC27C40938B}"
EndProject
Project("{9A19103F-16F7-4668-BE54-9A1E7A4F7556}") = "R5T.T0174", "..\..\R5T.T0174\source\R5T.T0174\R5T.T0174.csproj", "{2DCFC839-2A78-46CB-8B4C-7C4E1DB29306}"
EndProject
Project("{9A19103F-16F7-4668-BE54-9A1E7A4F7556}") = "R5T.T0176", "..\..\R5T.T0176\source\R5T.T0176\R5T.T0176.csproj", "{8C3A3647-FF31-48EE-BFB1-3F80C4EFA429}"
EndProject
Project("{9A19103F-16F7-4668-BE54-9A1E7A4F7556}") = "R5T.T0177", "..\..\R5T.T0177\source\R5T.T0177\R5T.T0177.csproj", "{10B93FAC-06C5-49D8-AA7B-709A5EC45DBF}"
EndProject
Project("{9A19103F-16F7-4668-BE54-9A1E7A4F7556}") = "R5T.T0178", "..\..\R5T.T0178\source\R5T.T0178\R5T.T0178.csproj", "{174EB876-82BF-4BFA-890F-CA96EB99A0EF}"
EndProject
Project("{9A19103F-16F7-4668-BE54-9A1E7A4F7556}") = "R5T.T0179", "..\..\R5T.T0179\source\R5T.T0179\R5T.T0179.csproj", "{FD146C80-1D0E-4DB9-9CF2-A9943514A5C7}"
EndProject
Project("{9A19103F-16F7-4668-BE54-9A1E7A4F7556}") = "R5T.T0180", "..\..\R5T.T0180\source\R5T.T0180\R5T.T0180.csproj", "{0502A3DB-01FB-488A-BF32-6174898E29D7}"
EndProject
Project("{9A19103F-16F7-4668-BE54-9A1E7A4F7556}") = "R5T.T0181", "..\..\R5T.T0181\source\R5T.T0181\R5T.T0181.csproj", "{DD72376F-20C3-4706-B76E-F6B32707DD40}"
EndProject
Project("{9A19103F-16F7-4668-BE54-9A1E7A4F7556}") = "R5T.T0185", "..\..\R5T.T0185\source\R5T.T0185\R5T.T0185.csproj", "{4681F561-1C20-42CE-9134-0EFA65FA69B9}"
EndProject
Project("{9A19103F-16F7-4668-BE54-9A1E7A4F7556}") = "R5T.T0193", "..\..\R5T.T0193\source\R5T.T0193\R5T.T0193.csproj", "{F4E367D1-E672-44CF-BF3C-2E5BAEBCE3EC}"
EndProject
Project("{9A19103F-16F7-4668-BE54-9A1E7A4F7556}") = "R5T.Y0000", "..\..\R5T.Y0000\source\R5T.Y0000\R5T.Y0000.csproj", "{714F3C40-509F-4E69-BE5E-CC591674CA8B}"
EndProject
Project("{9A19103F-16F7-4668-BE54-9A1E7A4F7556}") = "R5T.Z0000", "..\..\R5T.Z0000\source\R5T.Z0000\R5T.Z0000.csproj", "{73A6D385-28E4-4725-B705-4F81024AB1B3}"
EndProject
Global
	GlobalSection(NestedProjects) = preSolution
		{A6152D82-200E-4016-BF2B-1776393DF052} = {D204D207-3687-40A4-B35F-E61B14DB3BAB}
		{E34677F9-6559-4F03-8375-57C5A5064ECF} = {D204D207-3687-40A4-B35F-E61B14DB3BAB}
		{E1D85077-0A6E-4329-B585-0A96D1B717C4} = {D204D207-3687-40A4-B35F-E61B14DB3BAB}
		{AE0A6E51-9261-4530-B852-AEF12CB29CE1} = {D204D207-3687-40A4-B35F-E61B14DB3BAB}
		{134C0108-691B-4185-BED9-D1D54448F9BF} = {D204D207-3687-40A4-B35F-E61B14DB3BAB}
		{4B1DA031-6E46-4639-9324-D09D3203318F} = {D204D207-3687-40A4-B35F-E61B14DB3BAB}
		{B5B00EF8-E8E7-4DF1-8780-491B934BDDF6} = {D204D207-3687-40A4-B35F-E61B14DB3BAB}
		{FAAA00F4-5CC6-4D22-8632-274E6EB5947A} = {D204D207-3687-40A4-B35F-E61B14DB3BAB}
		{9EA08A7E-0DB2-4B0F-917C-71216A4F49BC} = {D204D207-3687-40A4-B35F-E61B14DB3BAB}
		{25C90442-78D4-4790-AAF2-4788E189BF10} = {D204D207-3687-40A4-B35F-E61B14DB3BAB}
		{9E17C5E9-AD4A-417E-AB7A-8664A19B1080} = {D204D207-3687-40A4-B35F-E61B14DB3BAB}
		{4C180800-CCC1-44E0-9D51-166A56417125} = {D204D207-3687-40A4-B35F-E61B14DB3BAB}
		{D38FB08C-E3A0-48AE-B915-537A17B816FA} = {D204D207-3687-40A4-B35F-E61B14DB3BAB}
		{A61B8445-B5BA-4A17-9E57-D7F8336AD813} = {D204D207-3687-40A4-B35F-E61B14DB3BAB}
		{D4829531-6123-4886-9061-8678F5B48229} = {D204D207-3687-40A4-B35F-E61B14DB3BAB}
		{E30FA1F1-1DC7-48AA-88BB-36F71B70D152} = {D204D207-3687-40A4-B35F-E61B14DB3BAB}
		{E2996FFF-560C-4BEC-8034-AA49E0488877} = {D204D207-3687-40A4-B35F-E61B14DB3BAB}
		{71F17DDD-208F-4E16-BC80-98ADC40FC536} = {D204D207-3687-40A4-B35F-E61B14DB3BAB}
		{BECEA58F-3C42-4127-BBF4-3FC27C40938B} = {D204D207-3687-40A4-B35F-E61B14DB3BAB}
		{2DCFC839-2A78-46CB-8B4C-7C4E1DB29306} = {D204D207-3687-40A4-B35F-E61B14DB3BAB}
		{8C3A3647-FF31-48EE-BFB1-3F80C4EFA429} = {D204D207-3687-40A4-B35F-E61B14DB3BAB}
		{10B93FAC-06C5-49D8-AA7B-709A5EC45DBF} = {D204D207-3687-40A4-B35F-E61B14DB3BAB}
		{174EB876-82BF-4BFA-890F-CA96EB99A0EF} = {D204D207-3687-40A4-B35F-E61B14DB3BAB}
		{FD146C80-1D0E-4DB9-9CF2-A9943514A5C7} = {D204D207-3687-40A4-B35F-E61B14DB3BAB}
		{0502A3DB-01FB-488A-BF32-6174898E29D7} = {D204D207-3687-40A4-B35F-E61B14DB3BAB}
		{DD72376F-20C3-4706-B76E-F6B32707DD40} = {D204D207-3687-40A4-B35F-E61B14DB3BAB}
		{4681F561-1C20-42CE-9134-0EFA65FA69B9} = {D204D207-3687-40A4-B35F-E61B14DB3BAB}
		{F4E367D1-E672-44CF-BF3C-2E5BAEBCE3EC} = {D204D207-3687-40A4-B35F-E61B14DB3BAB}
		{714F3C40-509F-4E69-BE5E-CC591674CA8B} = {D204D207-3687-40A4-B35F-E61B14DB3BAB}
		{73A6D385-28E4-4725-B705-4F81024AB1B3} = {D204D207-3687-40A4-B35F-E61B14DB3BAB}
	EndGlobalSection
	GlobalSection(SolutionConfigurationPlatforms) = preSolution
		Debug|Any CPU = Debug|Any CPU
		Release|Any CPU = Release|Any CPU
	EndGlobalSection
	GlobalSection(ProjectConfigurationPlatforms) = postSolution
		{03296F77-FF7F-4B75-A597-0300C8F16BBD}.Debug|Any CPU.ActiveCfg = Debug|Any CPU
		{03296F77-FF7F-4B75-A597-0300C8F16BBD}.Debug|Any CPU.Build.0 = Debug|Any CPU
		{03296F77-FF7F-4B75-A597-0300C8F16BBD}.Release|Any CPU.ActiveCfg = Release|Any CPU
		{03296F77-FF7F-4B75-A597-0300C8F16BBD}.Release|Any CPU.Build.0 = Release|Any CPU
		{A6152D82-200E-4016-BF2B-1776393DF052}.Debug|Any CPU.ActiveCfg = Debug|Any CPU
		{A6152D82-200E-4016-BF2B-1776393DF052}.Debug|Any CPU.Build.0 = Debug|Any CPU
		{A6152D82-200E-4016-BF2B-1776393DF052}.Release|Any CPU.ActiveCfg = Release|Any CPU
		{A6152D82-200E-4016-BF2B-1776393DF052}.Release|Any CPU.Build.0 = Release|Any CPU
		{E34677F9-6559-4F03-8375-57C5A5064ECF}.Debug|Any CPU.ActiveCfg = Debug|Any CPU
		{E34677F9-6559-4F03-8375-57C5A5064ECF}.Debug|Any CPU.Build.0 = Debug|Any CPU
		{E34677F9-6559-4F03-8375-57C5A5064ECF}.Release|Any CPU.ActiveCfg = Release|Any CPU
		{E34677F9-6559-4F03-8375-57C5A5064ECF}.Release|Any CPU.Build.0 = Release|Any CPU
		{E1D85077-0A6E-4329-B585-0A96D1B717C4}.Debug|Any CPU.ActiveCfg = Debug|Any CPU
		{E1D85077-0A6E-4329-B585-0A96D1B717C4}.Debug|Any CPU.Build.0 = Debug|Any CPU
		{E1D85077-0A6E-4329-B585-0A96D1B717C4}.Release|Any CPU.ActiveCfg = Release|Any CPU
		{E1D85077-0A6E-4329-B585-0A96D1B717C4}.Release|Any CPU.Build.0 = Release|Any CPU
		{AE0A6E51-9261-4530-B852-AEF12CB29CE1}.Debug|Any CPU.ActiveCfg = Debug|Any CPU
		{AE0A6E51-9261-4530-B852-AEF12CB29CE1}.Debug|Any CPU.Build.0 = Debug|Any CPU
		{AE0A6E51-9261-4530-B852-AEF12CB29CE1}.Release|Any CPU.ActiveCfg = Release|Any CPU
		{AE0A6E51-9261-4530-B852-AEF12CB29CE1}.Release|Any CPU.Build.0 = Release|Any CPU
		{134C0108-691B-4185-BED9-D1D54448F9BF}.Debug|Any CPU.ActiveCfg = Debug|Any CPU
		{134C0108-691B-4185-BED9-D1D54448F9BF}.Debug|Any CPU.Build.0 = Debug|Any CPU
		{134C0108-691B-4185-BED9-D1D54448F9BF}.Release|Any CPU.ActiveCfg = Release|Any CPU
		{134C0108-691B-4185-BED9-D1D54448F9BF}.Release|Any CPU.Build.0 = Release|Any CPU
		{4B1DA031-6E46-4639-9324-D09D3203318F}.Debug|Any CPU.ActiveCfg = Debug|Any CPU
		{4B1DA031-6E46-4639-9324-D09D3203318F}.Debug|Any CPU.Build.0 = Debug|Any CPU
		{4B1DA031-6E46-4639-9324-D09D3203318F}.Release|Any CPU.ActiveCfg = Release|Any CPU
		{4B1DA031-6E46-4639-9324-D09D3203318F}.Release|Any CPU.Build.0 = Release|Any CPU
		{B5B00EF8-E8E7-4DF1-8780-491B934BDDF6}.Debug|Any CPU.ActiveCfg = Debug|Any CPU
		{B5B00EF8-E8E7-4DF1-8780-491B934BDDF6}.Debug|Any CPU.Build.0 = Debug|Any CPU
		{B5B00EF8-E8E7-4DF1-8780-491B934BDDF6}.Release|Any CPU.ActiveCfg = Release|Any CPU
		{B5B00EF8-E8E7-4DF1-8780-491B934BDDF6}.Release|Any CPU.Build.0 = Release|Any CPU
		{FAAA00F4-5CC6-4D22-8632-274E6EB5947A}.Debug|Any CPU.ActiveCfg = Debug|Any CPU
		{FAAA00F4-5CC6-4D22-8632-274E6EB5947A}.Debug|Any CPU.Build.0 = Debug|Any CPU
		{FAAA00F4-5CC6-4D22-8632-274E6EB5947A}.Release|Any CPU.ActiveCfg = Release|Any CPU
		{FAAA00F4-5CC6-4D22-8632-274E6EB5947A}.Release|Any CPU.Build.0 = Release|Any CPU
		{9EA08A7E-0DB2-4B0F-917C-71216A4F49BC}.Debug|Any CPU.ActiveCfg = Debug|Any CPU
		{9EA08A7E-0DB2-4B0F-917C-71216A4F49BC}.Debug|Any CPU.Build.0 = Debug|Any CPU
		{9EA08A7E-0DB2-4B0F-917C-71216A4F49BC}.Release|Any CPU.ActiveCfg = Release|Any CPU
		{9EA08A7E-0DB2-4B0F-917C-71216A4F49BC}.Release|Any CPU.Build.0 = Release|Any CPU
		{25C90442-78D4-4790-AAF2-4788E189BF10}.Debug|Any CPU.ActiveCfg = Debug|Any CPU
		{25C90442-78D4-4790-AAF2-4788E189BF10}.Debug|Any CPU.Build.0 = Debug|Any CPU
		{25C90442-78D4-4790-AAF2-4788E189BF10}.Release|Any CPU.ActiveCfg = Release|Any CPU
		{25C90442-78D4-4790-AAF2-4788E189BF10}.Release|Any CPU.Build.0 = Release|Any CPU
		{9E17C5E9-AD4A-417E-AB7A-8664A19B1080}.Debug|Any CPU.ActiveCfg = Debug|Any CPU
		{9E17C5E9-AD4A-417E-AB7A-8664A19B1080}.Debug|Any CPU.Build.0 = Debug|Any CPU
		{9E17C5E9-AD4A-417E-AB7A-8664A19B1080}.Release|Any CPU.ActiveCfg = Release|Any CPU
		{9E17C5E9-AD4A-417E-AB7A-8664A19B1080}.Release|Any CPU.Build.0 = Release|Any CPU
		{4C180800-CCC1-44E0-9D51-166A56417125}.Debug|Any CPU.ActiveCfg = Debug|Any CPU
		{4C180800-CCC1-44E0-9D51-166A56417125}.Debug|Any CPU.Build.0 = Debug|Any CPU
		{4C180800-CCC1-44E0-9D51-166A56417125}.Release|Any CPU.ActiveCfg = Release|Any CPU
		{4C180800-CCC1-44E0-9D51-166A56417125}.Release|Any CPU.Build.0 = Release|Any CPU
		{D38FB08C-E3A0-48AE-B915-537A17B816FA}.Debug|Any CPU.ActiveCfg = Debug|Any CPU
		{D38FB08C-E3A0-48AE-B915-537A17B816FA}.Debug|Any CPU.Build.0 = Debug|Any CPU
		{D38FB08C-E3A0-48AE-B915-537A17B816FA}.Release|Any CPU.ActiveCfg = Release|Any CPU
		{D38FB08C-E3A0-48AE-B915-537A17B816FA}.Release|Any CPU.Build.0 = Release|Any CPU
		{A61B8445-B5BA-4A17-9E57-D7F8336AD813}.Debug|Any CPU.ActiveCfg = Debug|Any CPU
		{A61B8445-B5BA-4A17-9E57-D7F8336AD813}.Debug|Any CPU.Build.0 = Debug|Any CPU
		{A61B8445-B5BA-4A17-9E57-D7F8336AD813}.Release|Any CPU.ActiveCfg = Release|Any CPU
		{A61B8445-B5BA-4A17-9E57-D7F8336AD813}.Release|Any CPU.Build.0 = Release|Any CPU
		{D4829531-6123-4886-9061-8678F5B48229}.Debug|Any CPU.ActiveCfg = Debug|Any CPU
		{D4829531-6123-4886-9061-8678F5B48229}.Debug|Any CPU.Build.0 = Debug|Any CPU
		{D4829531-6123-4886-9061-8678F5B48229}.Release|Any CPU.ActiveCfg = Release|Any CPU
		{D4829531-6123-4886-9061-8678F5B48229}.Release|Any CPU.Build.0 = Release|Any CPU
		{E30FA1F1-1DC7-48AA-88BB-36F71B70D152}.Debug|Any CPU.ActiveCfg = Debug|Any CPU
		{E30FA1F1-1DC7-48AA-88BB-36F71B70D152}.Debug|Any CPU.Build.0 = Debug|Any CPU
		{E30FA1F1-1DC7-48AA-88BB-36F71B70D152}.Release|Any CPU.ActiveCfg = Release|Any CPU
		{E30FA1F1-1DC7-48AA-88BB-36F71B70D152}.Release|Any CPU.Build.0 = Release|Any CPU
		{E2996FFF-560C-4BEC-8034-AA49E0488877}.Debug|Any CPU.ActiveCfg = Debug|Any CPU
		{E2996FFF-560C-4BEC-8034-AA49E0488877}.Debug|Any CPU.Build.0 = Debug|Any CPU
		{E2996FFF-560C-4BEC-8034-AA49E0488877}.Release|Any CPU.ActiveCfg = Release|Any CPU
		{E2996FFF-560C-4BEC-8034-AA49E0488877}.Release|Any CPU.Build.0 = Release|Any CPU
		{71F17DDD-208F-4E16-BC80-98ADC40FC536}.Debug|Any CPU.ActiveCfg = Debug|Any CPU
		{71F17DDD-208F-4E16-BC80-98ADC40FC536}.Debug|Any CPU.Build.0 = Debug|Any CPU
		{71F17DDD-208F-4E16-BC80-98ADC40FC536}.Release|Any CPU.ActiveCfg = Release|Any CPU
		{71F17DDD-208F-4E16-BC80-98ADC40FC536}.Release|Any CPU.Build.0 = Release|Any CPU
		{BECEA58F-3C42-4127-BBF4-3FC27C40938B}.Debug|Any CPU.ActiveCfg = Debug|Any CPU
		{BECEA58F-3C42-4127-BBF4-3FC27C40938B}.Debug|Any CPU.Build.0 = Debug|Any CPU
		{BECEA58F-3C42-4127-BBF4-3FC27C40938B}.Release|Any CPU.ActiveCfg = Release|Any CPU
		{BECEA58F-3C42-4127-BBF4-3FC27C40938B}.Release|Any CPU.Build.0 = Release|Any CPU
		{2DCFC839-2A78-46CB-8B4C-7C4E1DB29306}.Debug|Any CPU.ActiveCfg = Debug|Any CPU
		{2DCFC839-2A78-46CB-8B4C-7C4E1DB29306}.Debug|Any CPU.Build.0 = Debug|Any CPU
		{2DCFC839-2A78-46CB-8B4C-7C4E1DB29306}.Release|Any CPU.ActiveCfg = Release|Any CPU
		{2DCFC839-2A78-46CB-8B4C-7C4E1DB29306}.Release|Any CPU.Build.0 = Release|Any CPU
		{8C3A3647-FF31-48EE-BFB1-3F80C4EFA429}.Debug|Any CPU.ActiveCfg = Debug|Any CPU
		{8C3A3647-FF31-48EE-BFB1-3F80C4EFA429}.Debug|Any CPU.Build.0 = Debug|Any CPU
		{8C3A3647-FF31-48EE-BFB1-3F80C4EFA429}.Release|Any CPU.ActiveCfg = Release|Any CPU
		{8C3A3647-FF31-48EE-BFB1-3F80C4EFA429}.Release|Any CPU.Build.0 = Release|Any CPU
		{10B93FAC-06C5-49D8-AA7B-709A5EC45DBF}.Debug|Any CPU.ActiveCfg = Debug|Any CPU
		{10B93FAC-06C5-49D8-AA7B-709A5EC45DBF}.Debug|Any CPU.Build.0 = Debug|Any CPU
		{10B93FAC-06C5-49D8-AA7B-709A5EC45DBF}.Release|Any CPU.ActiveCfg = Release|Any CPU
		{10B93FAC-06C5-49D8-AA7B-709A5EC45DBF}.Release|Any CPU.Build.0 = Release|Any CPU
		{174EB876-82BF-4BFA-890F-CA96EB99A0EF}.Debug|Any CPU.ActiveCfg = Debug|Any CPU
		{174EB876-82BF-4BFA-890F-CA96EB99A0EF}.Debug|Any CPU.Build.0 = Debug|Any CPU
		{174EB876-82BF-4BFA-890F-CA96EB99A0EF}.Release|Any CPU.ActiveCfg = Release|Any CPU
		{174EB876-82BF-4BFA-890F-CA96EB99A0EF}.Release|Any CPU.Build.0 = Release|Any CPU
		{FD146C80-1D0E-4DB9-9CF2-A9943514A5C7}.Debug|Any CPU.ActiveCfg = Debug|Any CPU
		{FD146C80-1D0E-4DB9-9CF2-A9943514A5C7}.Debug|Any CPU.Build.0 = Debug|Any CPU
		{FD146C80-1D0E-4DB9-9CF2-A9943514A5C7}.Release|Any CPU.ActiveCfg = Release|Any CPU
		{FD146C80-1D0E-4DB9-9CF2-A9943514A5C7}.Release|Any CPU.Build.0 = Release|Any CPU
		{0502A3DB-01FB-488A-BF32-6174898E29D7}.Debug|Any CPU.ActiveCfg = Debug|Any CPU
		{0502A3DB-01FB-488A-BF32-6174898E29D7}.Debug|Any CPU.Build.0 = Debug|Any CPU
		{0502A3DB-01FB-488A-BF32-6174898E29D7}.Release|Any CPU.ActiveCfg = Release|Any CPU
		{0502A3DB-01FB-488A-BF32-6174898E29D7}.Release|Any CPU.Build.0 = Release|Any CPU
		{DD72376F-20C3-4706-B76E-F6B32707DD40}.Debug|Any CPU.ActiveCfg = Debug|Any CPU
		{DD72376F-20C3-4706-B76E-F6B32707DD40}.Debug|Any CPU.Build.0 = Debug|Any CPU
		{DD72376F-20C3-4706-B76E-F6B32707DD40}.Release|Any CPU.ActiveCfg = Release|Any CPU
		{DD72376F-20C3-4706-B76E-F6B32707DD40}.Release|Any CPU.Build.0 = Release|Any CPU
		{4681F561-1C20-42CE-9134-0EFA65FA69B9}.Debug|Any CPU.ActiveCfg = Debug|Any CPU
		{4681F561-1C20-42CE-9134-0EFA65FA69B9}.Debug|Any CPU.Build.0 = Debug|Any CPU
		{4681F561-1C20-42CE-9134-0EFA65FA69B9}.Release|Any CPU.ActiveCfg = Release|Any CPU
		{4681F561-1C20-42CE-9134-0EFA65FA69B9}.Release|Any CPU.Build.0 = Release|Any CPU
		{F4E367D1-E672-44CF-BF3C-2E5BAEBCE3EC}.Debug|Any CPU.ActiveCfg = Debug|Any CPU
		{F4E367D1-E672-44CF-BF3C-2E5BAEBCE3EC}.Debug|Any CPU.Build.0 = Debug|Any CPU
		{F4E367D1-E672-44CF-BF3C-2E5BAEBCE3EC}.Release|Any CPU.ActiveCfg = Release|Any CPU
		{F4E367D1-E672-44CF-BF3C-2E5BAEBCE3EC}.Release|Any CPU.Build.0 = Release|Any CPU
		{714F3C40-509F-4E69-BE5E-CC591674CA8B}.Debug|Any CPU.ActiveCfg = Debug|Any CPU
		{714F3C40-509F-4E69-BE5E-CC591674CA8B}.Debug|Any CPU.Build.0 = Debug|Any CPU
		{714F3C40-509F-4E69-BE5E-CC591674CA8B}.Release|Any CPU.ActiveCfg = Release|Any CPU
		{714F3C40-509F-4E69-BE5E-CC591674CA8B}.Release|Any CPU.Build.0 = Release|Any CPU
		{73A6D385-28E4-4725-B705-4F81024AB1B3}.Debug|Any CPU.ActiveCfg = Debug|Any CPU
		{73A6D385-28E4-4725-B705-4F81024AB1B3}.Debug|Any CPU.Build.0 = Debug|Any CPU
		{73A6D385-28E4-4725-B705-4F81024AB1B3}.Release|Any CPU.ActiveCfg = Release|Any CPU
		{73A6D385-28E4-4725-B705-4F81024AB1B3}.Release|Any CPU.Build.0 = Release|Any CPU
	EndGlobalSection
	GlobalSection(SolutionProperties) = preSolution
		HideSolutionNode = FALSE
	EndGlobalSection
	GlobalSection(ExtensibilityGlobals) = postSolution
		SolutionGuid = {5FE21387-BB60-43F1-A114-7113CEAA799F}
	EndGlobalSection
EndGlobal
