
Microsoft Visual Studio Solution File, Format Version 12.00
# Visual Studio Version 17
VisualStudioVersion = 17.2.32630.192
MinimumVisualStudioVersion = 10.0.40219.1
Project("{9A19103F-16F7-4668-BE54-9A1E7A4F7556}") = "R5T.O0004.Construction", "R5T.O0004.Construction\R5T.O0004.Construction.csproj", "{1CA3810D-D04F-49F2-88A4-196443BADDB5}"
EndProject
Project("{9A19103F-16F7-4668-BE54-9A1E7A4F7556}") = "R5T.O0004", "R5T.O0004\R5T.O0004.csproj", "{B5F7B282-D2E8-4746-832C-E465D2ED2434}"
EndProject
Project("{2150E333-8FDC-42A3-9474-1A3956D46DE8}") = "_Dependencies", "_Dependencies", "{F9859174-D640-448A-8C5B-4A2E4688B280}"
EndProject
Project("{9A19103F-16F7-4668-BE54-9A1E7A4F7556}") = "R5T.F0000", "..\..\R5T.F0000\source\R5T.F0000\R5T.F0000.csproj", "{81480A16-1F65-413B-B87B-B5FA261D7506}"
EndProject
Project("{9A19103F-16F7-4668-BE54-9A1E7A4F7556}") = "R5T.F0002", "..\..\R5T.F0002\source\R5T.F0002\R5T.F0002.csproj", "{C7A1F7AC-4BDF-4B02-A5C8-0A2945EC3F19}"
EndProject
Project("{9A19103F-16F7-4668-BE54-9A1E7A4F7556}") = "R5T.F0120", "..\..\R5T.F0120\source\R5T.F0120\R5T.F0120.csproj", "{DA7AE8D6-CE79-4337-A06F-6475A9AC9BC8}"
EndProject
Project("{9A19103F-16F7-4668-BE54-9A1E7A4F7556}") = "R5T.F0124", "..\..\R5T.F0124\source\R5T.F0124\R5T.F0124.csproj", "{86B26979-66D7-4804-9E61-26BD5C3609DE}"
EndProject
Project("{9A19103F-16F7-4668-BE54-9A1E7A4F7556}") = "R5T.F0125", "..\..\R5T.F0125\source\R5T.F0125\R5T.F0125.csproj", "{6140B464-CE28-4056-BD8E-7376D6EC0EE1}"
EndProject
Project("{9A19103F-16F7-4668-BE54-9A1E7A4F7556}") = "R5T.F0131", "..\..\R5T.F0131\source\R5T.F0131\R5T.F0131.csproj", "{CD730A81-3B44-4C89-9E33-146D0339CED7}"
EndProject
Project("{9A19103F-16F7-4668-BE54-9A1E7A4F7556}") = "R5T.L0030.T000", "..\..\R5T.L0030\source\R5T.L0030.T000\R5T.L0030.T000.csproj", "{E3C5B960-7D19-451E-BF46-291D012FFF3C}"
EndProject
Project("{9A19103F-16F7-4668-BE54-9A1E7A4F7556}") = "R5T.L0030", "..\..\R5T.L0030\source\R5T.L0030\R5T.L0030.csproj", "{24CBC2D2-1AA0-4E53-89D1-8FA7C944218E}"
EndProject
Project("{9A19103F-16F7-4668-BE54-9A1E7A4F7556}") = "R5T.L0034", "..\..\R5T.L0034\source\R5T.L0034\R5T.L0034.csproj", "{197AA5BB-BA98-4F52-8AEE-AF670207BA39}"
EndProject
Project("{9A19103F-16F7-4668-BE54-9A1E7A4F7556}") = "R5T.L0035", "..\..\R5T.L0035\source\R5T.L0035\R5T.L0035.csproj", "{E41D35AB-0455-4229-967E-AF84CA1FA4BE}"
EndProject
Project("{9A19103F-16F7-4668-BE54-9A1E7A4F7556}") = "R5T.T0131", "..\..\R5T.T0131\source\R5T.T0131\R5T.T0131.csproj", "{26904FEC-03B9-4E52-A5EF-0314F11FD7C1}"
EndProject
Project("{9A19103F-16F7-4668-BE54-9A1E7A4F7556}") = "R5T.T0132", "..\..\R5T.T0132\source\R5T.T0132\R5T.T0132.csproj", "{EF5AB586-0C8B-40FC-B468-AE594878BEEB}"
EndProject
Project("{9A19103F-16F7-4668-BE54-9A1E7A4F7556}") = "R5T.T0142", "..\..\R5T.T0142\source\R5T.T0142\R5T.T0142.csproj", "{0477B57D-366B-41F2-AF7D-375130508849}"
EndProject
Project("{9A19103F-16F7-4668-BE54-9A1E7A4F7556}") = "R5T.T0143", "..\..\R5T.T0143\source\R5T.T0143\R5T.T0143.csproj", "{FA51CCA4-FE76-4B86-9375-61ABBBC14982}"
EndProject
Project("{9A19103F-16F7-4668-BE54-9A1E7A4F7556}") = "R5T.T0150", "..\..\R5T.T0150\source\R5T.T0150\R5T.T0150.csproj", "{2B5267DB-6656-49C6-A0DD-B40E057E1113}"
EndProject
Project("{9A19103F-16F7-4668-BE54-9A1E7A4F7556}") = "R5T.T0151", "..\..\R5T.T0151\source\R5T.T0151\R5T.T0151.csproj", "{60395761-4BD3-4BA0-8251-54F99B04200B}"
EndProject
Project("{9A19103F-16F7-4668-BE54-9A1E7A4F7556}") = "R5T.T0156", "..\..\R5T.T0156\source\R5T.T0156\R5T.T0156.csproj", "{DAC8D241-574F-462C-81DD-0EB62D509FB6}"
EndProject
Project("{9A19103F-16F7-4668-BE54-9A1E7A4F7556}") = "R5T.T0161", "..\..\R5T.T0161\source\R5T.T0161\R5T.T0161.csproj", "{03B39BB6-F402-44C2-A5B4-BC981E63229E}"
EndProject
Project("{9A19103F-16F7-4668-BE54-9A1E7A4F7556}") = "R5T.T0172", "..\..\R5T.T0172\source\R5T.T0172\R5T.T0172.csproj", "{65AC16A2-0792-40C1-A23E-DFAFE05177CC}"
EndProject
Project("{9A19103F-16F7-4668-BE54-9A1E7A4F7556}") = "R5T.T0174", "..\..\R5T.T0174\source\R5T.T0174\R5T.T0174.csproj", "{1EFE6B95-D446-4A55-9401-263FE7140F3B}"
EndProject
Project("{9A19103F-16F7-4668-BE54-9A1E7A4F7556}") = "R5T.T0176", "..\..\R5T.T0176\source\R5T.T0176\R5T.T0176.csproj", "{9696C549-B729-4A3B-8F3A-BD3177357F37}"
EndProject
Project("{9A19103F-16F7-4668-BE54-9A1E7A4F7556}") = "R5T.T0177", "..\..\R5T.T0177\source\R5T.T0177\R5T.T0177.csproj", "{9AA3EB5F-5864-48B2-9BAF-E0084FA3772B}"
EndProject
Project("{9A19103F-16F7-4668-BE54-9A1E7A4F7556}") = "R5T.T0178", "..\..\R5T.T0178\source\R5T.T0178\R5T.T0178.csproj", "{375D43AB-A030-4176-B5F5-2E0717CDA0E1}"
EndProject
Project("{9A19103F-16F7-4668-BE54-9A1E7A4F7556}") = "R5T.T0179", "..\..\R5T.T0179\source\R5T.T0179\R5T.T0179.csproj", "{A46E3573-64A0-4D55-92DA-4C3ADEFD7F05}"
EndProject
Project("{9A19103F-16F7-4668-BE54-9A1E7A4F7556}") = "R5T.T0180", "..\..\R5T.T0180\source\R5T.T0180\R5T.T0180.csproj", "{C5E23362-CD61-4541-9CFE-F218EB16BAFC}"
EndProject
Project("{9A19103F-16F7-4668-BE54-9A1E7A4F7556}") = "R5T.T0181", "..\..\R5T.T0181\source\R5T.T0181\R5T.T0181.csproj", "{5782AC4D-E8EB-4C49-AC0A-C8A753C42619}"
EndProject
Project("{9A19103F-16F7-4668-BE54-9A1E7A4F7556}") = "R5T.T0185", "..\..\R5T.T0185\source\R5T.T0185\R5T.T0185.csproj", "{3D1E2B45-4559-41D3-869C-8ADC7B9950CC}"
EndProject
Project("{9A19103F-16F7-4668-BE54-9A1E7A4F7556}") = "R5T.T0193", "..\..\R5T.T0193\source\R5T.T0193\R5T.T0193.csproj", "{B807A886-B95C-4E25-A1A3-65203F7758FB}"
EndProject
Project("{9A19103F-16F7-4668-BE54-9A1E7A4F7556}") = "R5T.Y0000", "..\..\R5T.Y0000\source\R5T.Y0000\R5T.Y0000.csproj", "{4F95867A-EE63-4B68-9662-4508256E05D0}"
EndProject
Project("{9A19103F-16F7-4668-BE54-9A1E7A4F7556}") = "R5T.Z0000", "..\..\R5T.Z0000\source\R5T.Z0000\R5T.Z0000.csproj", "{3BCFE2B5-5B1B-45C3-BBA7-FE6CC215BCFB}"
EndProject
Global
	GlobalSection(NestedProjects) = preSolution
		{81480A16-1F65-413B-B87B-B5FA261D7506} = {F9859174-D640-448A-8C5B-4A2E4688B280}
		{C7A1F7AC-4BDF-4B02-A5C8-0A2945EC3F19} = {F9859174-D640-448A-8C5B-4A2E4688B280}
		{DA7AE8D6-CE79-4337-A06F-6475A9AC9BC8} = {F9859174-D640-448A-8C5B-4A2E4688B280}
		{86B26979-66D7-4804-9E61-26BD5C3609DE} = {F9859174-D640-448A-8C5B-4A2E4688B280}
		{6140B464-CE28-4056-BD8E-7376D6EC0EE1} = {F9859174-D640-448A-8C5B-4A2E4688B280}
		{CD730A81-3B44-4C89-9E33-146D0339CED7} = {F9859174-D640-448A-8C5B-4A2E4688B280}
		{E3C5B960-7D19-451E-BF46-291D012FFF3C} = {F9859174-D640-448A-8C5B-4A2E4688B280}
		{24CBC2D2-1AA0-4E53-89D1-8FA7C944218E} = {F9859174-D640-448A-8C5B-4A2E4688B280}
		{197AA5BB-BA98-4F52-8AEE-AF670207BA39} = {F9859174-D640-448A-8C5B-4A2E4688B280}
		{E41D35AB-0455-4229-967E-AF84CA1FA4BE} = {F9859174-D640-448A-8C5B-4A2E4688B280}
		{26904FEC-03B9-4E52-A5EF-0314F11FD7C1} = {F9859174-D640-448A-8C5B-4A2E4688B280}
		{EF5AB586-0C8B-40FC-B468-AE594878BEEB} = {F9859174-D640-448A-8C5B-4A2E4688B280}
		{0477B57D-366B-41F2-AF7D-375130508849} = {F9859174-D640-448A-8C5B-4A2E4688B280}
		{FA51CCA4-FE76-4B86-9375-61ABBBC14982} = {F9859174-D640-448A-8C5B-4A2E4688B280}
		{2B5267DB-6656-49C6-A0DD-B40E057E1113} = {F9859174-D640-448A-8C5B-4A2E4688B280}
		{60395761-4BD3-4BA0-8251-54F99B04200B} = {F9859174-D640-448A-8C5B-4A2E4688B280}
		{DAC8D241-574F-462C-81DD-0EB62D509FB6} = {F9859174-D640-448A-8C5B-4A2E4688B280}
		{03B39BB6-F402-44C2-A5B4-BC981E63229E} = {F9859174-D640-448A-8C5B-4A2E4688B280}
		{65AC16A2-0792-40C1-A23E-DFAFE05177CC} = {F9859174-D640-448A-8C5B-4A2E4688B280}
		{1EFE6B95-D446-4A55-9401-263FE7140F3B} = {F9859174-D640-448A-8C5B-4A2E4688B280}
		{9696C549-B729-4A3B-8F3A-BD3177357F37} = {F9859174-D640-448A-8C5B-4A2E4688B280}
		{9AA3EB5F-5864-48B2-9BAF-E0084FA3772B} = {F9859174-D640-448A-8C5B-4A2E4688B280}
		{375D43AB-A030-4176-B5F5-2E0717CDA0E1} = {F9859174-D640-448A-8C5B-4A2E4688B280}
		{A46E3573-64A0-4D55-92DA-4C3ADEFD7F05} = {F9859174-D640-448A-8C5B-4A2E4688B280}
		{C5E23362-CD61-4541-9CFE-F218EB16BAFC} = {F9859174-D640-448A-8C5B-4A2E4688B280}
		{5782AC4D-E8EB-4C49-AC0A-C8A753C42619} = {F9859174-D640-448A-8C5B-4A2E4688B280}
		{3D1E2B45-4559-41D3-869C-8ADC7B9950CC} = {F9859174-D640-448A-8C5B-4A2E4688B280}
		{B807A886-B95C-4E25-A1A3-65203F7758FB} = {F9859174-D640-448A-8C5B-4A2E4688B280}
		{4F95867A-EE63-4B68-9662-4508256E05D0} = {F9859174-D640-448A-8C5B-4A2E4688B280}
		{3BCFE2B5-5B1B-45C3-BBA7-FE6CC215BCFB} = {F9859174-D640-448A-8C5B-4A2E4688B280}
	EndGlobalSection
	GlobalSection(SolutionConfigurationPlatforms) = preSolution
		Debug|Any CPU = Debug|Any CPU
		Release|Any CPU = Release|Any CPU
	EndGlobalSection
	GlobalSection(ProjectConfigurationPlatforms) = postSolution
		{1CA3810D-D04F-49F2-88A4-196443BADDB5}.Debug|Any CPU.ActiveCfg = Debug|Any CPU
		{1CA3810D-D04F-49F2-88A4-196443BADDB5}.Debug|Any CPU.Build.0 = Debug|Any CPU
		{1CA3810D-D04F-49F2-88A4-196443BADDB5}.Release|Any CPU.ActiveCfg = Release|Any CPU
		{1CA3810D-D04F-49F2-88A4-196443BADDB5}.Release|Any CPU.Build.0 = Release|Any CPU
		{B5F7B282-D2E8-4746-832C-E465D2ED2434}.Debug|Any CPU.ActiveCfg = Debug|Any CPU
		{B5F7B282-D2E8-4746-832C-E465D2ED2434}.Debug|Any CPU.Build.0 = Debug|Any CPU
		{B5F7B282-D2E8-4746-832C-E465D2ED2434}.Release|Any CPU.ActiveCfg = Release|Any CPU
		{B5F7B282-D2E8-4746-832C-E465D2ED2434}.Release|Any CPU.Build.0 = Release|Any CPU
		{81480A16-1F65-413B-B87B-B5FA261D7506}.Debug|Any CPU.ActiveCfg = Debug|Any CPU
		{81480A16-1F65-413B-B87B-B5FA261D7506}.Debug|Any CPU.Build.0 = Debug|Any CPU
		{81480A16-1F65-413B-B87B-B5FA261D7506}.Release|Any CPU.ActiveCfg = Release|Any CPU
		{81480A16-1F65-413B-B87B-B5FA261D7506}.Release|Any CPU.Build.0 = Release|Any CPU
		{C7A1F7AC-4BDF-4B02-A5C8-0A2945EC3F19}.Debug|Any CPU.ActiveCfg = Debug|Any CPU
		{C7A1F7AC-4BDF-4B02-A5C8-0A2945EC3F19}.Debug|Any CPU.Build.0 = Debug|Any CPU
		{C7A1F7AC-4BDF-4B02-A5C8-0A2945EC3F19}.Release|Any CPU.ActiveCfg = Release|Any CPU
		{C7A1F7AC-4BDF-4B02-A5C8-0A2945EC3F19}.Release|Any CPU.Build.0 = Release|Any CPU
		{DA7AE8D6-CE79-4337-A06F-6475A9AC9BC8}.Debug|Any CPU.ActiveCfg = Debug|Any CPU
		{DA7AE8D6-CE79-4337-A06F-6475A9AC9BC8}.Debug|Any CPU.Build.0 = Debug|Any CPU
		{DA7AE8D6-CE79-4337-A06F-6475A9AC9BC8}.Release|Any CPU.ActiveCfg = Release|Any CPU
		{DA7AE8D6-CE79-4337-A06F-6475A9AC9BC8}.Release|Any CPU.Build.0 = Release|Any CPU
		{86B26979-66D7-4804-9E61-26BD5C3609DE}.Debug|Any CPU.ActiveCfg = Debug|Any CPU
		{86B26979-66D7-4804-9E61-26BD5C3609DE}.Debug|Any CPU.Build.0 = Debug|Any CPU
		{86B26979-66D7-4804-9E61-26BD5C3609DE}.Release|Any CPU.ActiveCfg = Release|Any CPU
		{86B26979-66D7-4804-9E61-26BD5C3609DE}.Release|Any CPU.Build.0 = Release|Any CPU
		{6140B464-CE28-4056-BD8E-7376D6EC0EE1}.Debug|Any CPU.ActiveCfg = Debug|Any CPU
		{6140B464-CE28-4056-BD8E-7376D6EC0EE1}.Debug|Any CPU.Build.0 = Debug|Any CPU
		{6140B464-CE28-4056-BD8E-7376D6EC0EE1}.Release|Any CPU.ActiveCfg = Release|Any CPU
		{6140B464-CE28-4056-BD8E-7376D6EC0EE1}.Release|Any CPU.Build.0 = Release|Any CPU
		{CD730A81-3B44-4C89-9E33-146D0339CED7}.Debug|Any CPU.ActiveCfg = Debug|Any CPU
		{CD730A81-3B44-4C89-9E33-146D0339CED7}.Debug|Any CPU.Build.0 = Debug|Any CPU
		{CD730A81-3B44-4C89-9E33-146D0339CED7}.Release|Any CPU.ActiveCfg = Release|Any CPU
		{CD730A81-3B44-4C89-9E33-146D0339CED7}.Release|Any CPU.Build.0 = Release|Any CPU
		{E3C5B960-7D19-451E-BF46-291D012FFF3C}.Debug|Any CPU.ActiveCfg = Debug|Any CPU
		{E3C5B960-7D19-451E-BF46-291D012FFF3C}.Debug|Any CPU.Build.0 = Debug|Any CPU
		{E3C5B960-7D19-451E-BF46-291D012FFF3C}.Release|Any CPU.ActiveCfg = Release|Any CPU
		{E3C5B960-7D19-451E-BF46-291D012FFF3C}.Release|Any CPU.Build.0 = Release|Any CPU
		{24CBC2D2-1AA0-4E53-89D1-8FA7C944218E}.Debug|Any CPU.ActiveCfg = Debug|Any CPU
		{24CBC2D2-1AA0-4E53-89D1-8FA7C944218E}.Debug|Any CPU.Build.0 = Debug|Any CPU
		{24CBC2D2-1AA0-4E53-89D1-8FA7C944218E}.Release|Any CPU.ActiveCfg = Release|Any CPU
		{24CBC2D2-1AA0-4E53-89D1-8FA7C944218E}.Release|Any CPU.Build.0 = Release|Any CPU
		{197AA5BB-BA98-4F52-8AEE-AF670207BA39}.Debug|Any CPU.ActiveCfg = Debug|Any CPU
		{197AA5BB-BA98-4F52-8AEE-AF670207BA39}.Debug|Any CPU.Build.0 = Debug|Any CPU
		{197AA5BB-BA98-4F52-8AEE-AF670207BA39}.Release|Any CPU.ActiveCfg = Release|Any CPU
		{197AA5BB-BA98-4F52-8AEE-AF670207BA39}.Release|Any CPU.Build.0 = Release|Any CPU
		{E41D35AB-0455-4229-967E-AF84CA1FA4BE}.Debug|Any CPU.ActiveCfg = Debug|Any CPU
		{E41D35AB-0455-4229-967E-AF84CA1FA4BE}.Debug|Any CPU.Build.0 = Debug|Any CPU
		{E41D35AB-0455-4229-967E-AF84CA1FA4BE}.Release|Any CPU.ActiveCfg = Release|Any CPU
		{E41D35AB-0455-4229-967E-AF84CA1FA4BE}.Release|Any CPU.Build.0 = Release|Any CPU
		{26904FEC-03B9-4E52-A5EF-0314F11FD7C1}.Debug|Any CPU.ActiveCfg = Debug|Any CPU
		{26904FEC-03B9-4E52-A5EF-0314F11FD7C1}.Debug|Any CPU.Build.0 = Debug|Any CPU
		{26904FEC-03B9-4E52-A5EF-0314F11FD7C1}.Release|Any CPU.ActiveCfg = Release|Any CPU
		{26904FEC-03B9-4E52-A5EF-0314F11FD7C1}.Release|Any CPU.Build.0 = Release|Any CPU
		{EF5AB586-0C8B-40FC-B468-AE594878BEEB}.Debug|Any CPU.ActiveCfg = Debug|Any CPU
		{EF5AB586-0C8B-40FC-B468-AE594878BEEB}.Debug|Any CPU.Build.0 = Debug|Any CPU
		{EF5AB586-0C8B-40FC-B468-AE594878BEEB}.Release|Any CPU.ActiveCfg = Release|Any CPU
		{EF5AB586-0C8B-40FC-B468-AE594878BEEB}.Release|Any CPU.Build.0 = Release|Any CPU
		{0477B57D-366B-41F2-AF7D-375130508849}.Debug|Any CPU.ActiveCfg = Debug|Any CPU
		{0477B57D-366B-41F2-AF7D-375130508849}.Debug|Any CPU.Build.0 = Debug|Any CPU
		{0477B57D-366B-41F2-AF7D-375130508849}.Release|Any CPU.ActiveCfg = Release|Any CPU
		{0477B57D-366B-41F2-AF7D-375130508849}.Release|Any CPU.Build.0 = Release|Any CPU
		{FA51CCA4-FE76-4B86-9375-61ABBBC14982}.Debug|Any CPU.ActiveCfg = Debug|Any CPU
		{FA51CCA4-FE76-4B86-9375-61ABBBC14982}.Debug|Any CPU.Build.0 = Debug|Any CPU
		{FA51CCA4-FE76-4B86-9375-61ABBBC14982}.Release|Any CPU.ActiveCfg = Release|Any CPU
		{FA51CCA4-FE76-4B86-9375-61ABBBC14982}.Release|Any CPU.Build.0 = Release|Any CPU
		{2B5267DB-6656-49C6-A0DD-B40E057E1113}.Debug|Any CPU.ActiveCfg = Debug|Any CPU
		{2B5267DB-6656-49C6-A0DD-B40E057E1113}.Debug|Any CPU.Build.0 = Debug|Any CPU
		{2B5267DB-6656-49C6-A0DD-B40E057E1113}.Release|Any CPU.ActiveCfg = Release|Any CPU
		{2B5267DB-6656-49C6-A0DD-B40E057E1113}.Release|Any CPU.Build.0 = Release|Any CPU
		{60395761-4BD3-4BA0-8251-54F99B04200B}.Debug|Any CPU.ActiveCfg = Debug|Any CPU
		{60395761-4BD3-4BA0-8251-54F99B04200B}.Debug|Any CPU.Build.0 = Debug|Any CPU
		{60395761-4BD3-4BA0-8251-54F99B04200B}.Release|Any CPU.ActiveCfg = Release|Any CPU
		{60395761-4BD3-4BA0-8251-54F99B04200B}.Release|Any CPU.Build.0 = Release|Any CPU
		{DAC8D241-574F-462C-81DD-0EB62D509FB6}.Debug|Any CPU.ActiveCfg = Debug|Any CPU
		{DAC8D241-574F-462C-81DD-0EB62D509FB6}.Debug|Any CPU.Build.0 = Debug|Any CPU
		{DAC8D241-574F-462C-81DD-0EB62D509FB6}.Release|Any CPU.ActiveCfg = Release|Any CPU
		{DAC8D241-574F-462C-81DD-0EB62D509FB6}.Release|Any CPU.Build.0 = Release|Any CPU
		{03B39BB6-F402-44C2-A5B4-BC981E63229E}.Debug|Any CPU.ActiveCfg = Debug|Any CPU
		{03B39BB6-F402-44C2-A5B4-BC981E63229E}.Debug|Any CPU.Build.0 = Debug|Any CPU
		{03B39BB6-F402-44C2-A5B4-BC981E63229E}.Release|Any CPU.ActiveCfg = Release|Any CPU
		{03B39BB6-F402-44C2-A5B4-BC981E63229E}.Release|Any CPU.Build.0 = Release|Any CPU
		{65AC16A2-0792-40C1-A23E-DFAFE05177CC}.Debug|Any CPU.ActiveCfg = Debug|Any CPU
		{65AC16A2-0792-40C1-A23E-DFAFE05177CC}.Debug|Any CPU.Build.0 = Debug|Any CPU
		{65AC16A2-0792-40C1-A23E-DFAFE05177CC}.Release|Any CPU.ActiveCfg = Release|Any CPU
		{65AC16A2-0792-40C1-A23E-DFAFE05177CC}.Release|Any CPU.Build.0 = Release|Any CPU
		{1EFE6B95-D446-4A55-9401-263FE7140F3B}.Debug|Any CPU.ActiveCfg = Debug|Any CPU
		{1EFE6B95-D446-4A55-9401-263FE7140F3B}.Debug|Any CPU.Build.0 = Debug|Any CPU
		{1EFE6B95-D446-4A55-9401-263FE7140F3B}.Release|Any CPU.ActiveCfg = Release|Any CPU
		{1EFE6B95-D446-4A55-9401-263FE7140F3B}.Release|Any CPU.Build.0 = Release|Any CPU
		{9696C549-B729-4A3B-8F3A-BD3177357F37}.Debug|Any CPU.ActiveCfg = Debug|Any CPU
		{9696C549-B729-4A3B-8F3A-BD3177357F37}.Debug|Any CPU.Build.0 = Debug|Any CPU
		{9696C549-B729-4A3B-8F3A-BD3177357F37}.Release|Any CPU.ActiveCfg = Release|Any CPU
		{9696C549-B729-4A3B-8F3A-BD3177357F37}.Release|Any CPU.Build.0 = Release|Any CPU
		{9AA3EB5F-5864-48B2-9BAF-E0084FA3772B}.Debug|Any CPU.ActiveCfg = Debug|Any CPU
		{9AA3EB5F-5864-48B2-9BAF-E0084FA3772B}.Debug|Any CPU.Build.0 = Debug|Any CPU
		{9AA3EB5F-5864-48B2-9BAF-E0084FA3772B}.Release|Any CPU.ActiveCfg = Release|Any CPU
		{9AA3EB5F-5864-48B2-9BAF-E0084FA3772B}.Release|Any CPU.Build.0 = Release|Any CPU
		{375D43AB-A030-4176-B5F5-2E0717CDA0E1}.Debug|Any CPU.ActiveCfg = Debug|Any CPU
		{375D43AB-A030-4176-B5F5-2E0717CDA0E1}.Debug|Any CPU.Build.0 = Debug|Any CPU
		{375D43AB-A030-4176-B5F5-2E0717CDA0E1}.Release|Any CPU.ActiveCfg = Release|Any CPU
		{375D43AB-A030-4176-B5F5-2E0717CDA0E1}.Release|Any CPU.Build.0 = Release|Any CPU
		{A46E3573-64A0-4D55-92DA-4C3ADEFD7F05}.Debug|Any CPU.ActiveCfg = Debug|Any CPU
		{A46E3573-64A0-4D55-92DA-4C3ADEFD7F05}.Debug|Any CPU.Build.0 = Debug|Any CPU
		{A46E3573-64A0-4D55-92DA-4C3ADEFD7F05}.Release|Any CPU.ActiveCfg = Release|Any CPU
		{A46E3573-64A0-4D55-92DA-4C3ADEFD7F05}.Release|Any CPU.Build.0 = Release|Any CPU
		{C5E23362-CD61-4541-9CFE-F218EB16BAFC}.Debug|Any CPU.ActiveCfg = Debug|Any CPU
		{C5E23362-CD61-4541-9CFE-F218EB16BAFC}.Debug|Any CPU.Build.0 = Debug|Any CPU
		{C5E23362-CD61-4541-9CFE-F218EB16BAFC}.Release|Any CPU.ActiveCfg = Release|Any CPU
		{C5E23362-CD61-4541-9CFE-F218EB16BAFC}.Release|Any CPU.Build.0 = Release|Any CPU
		{5782AC4D-E8EB-4C49-AC0A-C8A753C42619}.Debug|Any CPU.ActiveCfg = Debug|Any CPU
		{5782AC4D-E8EB-4C49-AC0A-C8A753C42619}.Debug|Any CPU.Build.0 = Debug|Any CPU
		{5782AC4D-E8EB-4C49-AC0A-C8A753C42619}.Release|Any CPU.ActiveCfg = Release|Any CPU
		{5782AC4D-E8EB-4C49-AC0A-C8A753C42619}.Release|Any CPU.Build.0 = Release|Any CPU
		{3D1E2B45-4559-41D3-869C-8ADC7B9950CC}.Debug|Any CPU.ActiveCfg = Debug|Any CPU
		{3D1E2B45-4559-41D3-869C-8ADC7B9950CC}.Debug|Any CPU.Build.0 = Debug|Any CPU
		{3D1E2B45-4559-41D3-869C-8ADC7B9950CC}.Release|Any CPU.ActiveCfg = Release|Any CPU
		{3D1E2B45-4559-41D3-869C-8ADC7B9950CC}.Release|Any CPU.Build.0 = Release|Any CPU
		{B807A886-B95C-4E25-A1A3-65203F7758FB}.Debug|Any CPU.ActiveCfg = Debug|Any CPU
		{B807A886-B95C-4E25-A1A3-65203F7758FB}.Debug|Any CPU.Build.0 = Debug|Any CPU
		{B807A886-B95C-4E25-A1A3-65203F7758FB}.Release|Any CPU.ActiveCfg = Release|Any CPU
		{B807A886-B95C-4E25-A1A3-65203F7758FB}.Release|Any CPU.Build.0 = Release|Any CPU
		{4F95867A-EE63-4B68-9662-4508256E05D0}.Debug|Any CPU.ActiveCfg = Debug|Any CPU
		{4F95867A-EE63-4B68-9662-4508256E05D0}.Debug|Any CPU.Build.0 = Debug|Any CPU
		{4F95867A-EE63-4B68-9662-4508256E05D0}.Release|Any CPU.ActiveCfg = Release|Any CPU
		{4F95867A-EE63-4B68-9662-4508256E05D0}.Release|Any CPU.Build.0 = Release|Any CPU
		{3BCFE2B5-5B1B-45C3-BBA7-FE6CC215BCFB}.Debug|Any CPU.ActiveCfg = Debug|Any CPU
		{3BCFE2B5-5B1B-45C3-BBA7-FE6CC215BCFB}.Debug|Any CPU.Build.0 = Debug|Any CPU
		{3BCFE2B5-5B1B-45C3-BBA7-FE6CC215BCFB}.Release|Any CPU.ActiveCfg = Release|Any CPU
		{3BCFE2B5-5B1B-45C3-BBA7-FE6CC215BCFB}.Release|Any CPU.Build.0 = Release|Any CPU
	EndGlobalSection
	GlobalSection(SolutionProperties) = preSolution
		HideSolutionNode = FALSE
	EndGlobalSection
	GlobalSection(ExtensibilityGlobals) = postSolution
		SolutionGuid = {A91EBB96-ED9F-42BC-89CA-A289E3DA32FD}
	EndGlobalSection
EndGlobal
