
Microsoft Visual Studio Solution File, Format Version 12.00
# Visual Studio Version 17
VisualStudioVersion = 17.2.32630.192
MinimumVisualStudioVersion = 10.0.40219.1
Project("{9A19103F-16F7-4668-BE54-9A1E7A4F7556}") = "R5T.O0004", "R5T.O0004\R5T.O0004.csproj", "{03296F77-FF7F-4B75-A597-0300C8F16BBD}"
EndProject
Global
	GlobalSection(SolutionConfigurationPlatforms) = preSolution
		Debug|Any CPU = Debug|Any CPU
		Release|Any CPU = Release|Any CPU
	EndGlobalSection
	GlobalSection(ProjectConfigurationPlatforms) = postSolution
		{03296F77-FF7F-4B75-A597-0300C8F16BBD}.Debug|Any CPU.ActiveCfg = Debug|Any CPU
		{03296F77-FF7F-4B75-A597-0300C8F16BBD}.Debug|Any CPU.Build.0 = Debug|Any CPU
		{03296F77-FF7F-4B75-A597-0300C8F16BBD}.Release|Any CPU.ActiveCfg = Release|Any CPU
		{03296F77-FF7F-4B75-A597-0300C8F16BBD}.Release|Any CPU.Build.0 = Release|Any CPU
	EndGlobalSection
	GlobalSection(SolutionProperties) = preSolution
		HideSolutionNode = FALSE
	EndGlobalSection
	GlobalSection(ExtensibilityGlobals) = postSolution
		SolutionGuid = {5FE21387-BB60-43F1-A114-7113CEAA799F}
	EndGlobalSection
EndGlobal
